PODS:
  - Crashlytics (3.12.0):
    - Fabric (~> 1.9.0)
  - DropDown (2.3.12)
  - Fabric (1.9.0)
  - Firebase/Core (5.19.0):
    - Firebase/CoreOnly
    - FirebaseAnalytics (= 5.8.0)
  - Firebase/CoreOnly (5.19.0):
    - FirebaseCore (= 5.4.0)
  - FirebaseAnalytics (5.8.0):
    - FirebaseCore (~> 5.4)
    - FirebaseInstanceID (~> 3.8)
    - GoogleAppMeasurement (= 5.8.0)
    - GoogleUtilities/AppDelegateSwizzler (~> 5.2)
    - GoogleUtilities/MethodSwizzler (~> 5.2)
    - GoogleUtilities/Network (~> 5.2)
    - "GoogleUtilities/NSData+zlib (~> 5.2)"
    - nanopb (~> 0.3)
  - FirebaseCore (5.4.0):
    - GoogleUtilities/Environment (~> 5.2)
    - GoogleUtilities/Logger (~> 5.2)
  - FirebaseInstanceID (3.8.0):
    - FirebaseCore (~> 5.2)
    - GoogleUtilities/Environment (~> 5.2)
    - GoogleUtilities/UserDefaults (~> 5.2)
  - Gecco (1.0.0)
  - Google-Mobile-Ads-SDK (7.42.0):
    - GoogleAppMeasurement (~> 5.7)
  - GoogleAppMeasurement (5.8.0):
    - GoogleUtilities/AppDelegateSwizzler (~> 5.2)
    - GoogleUtilities/MethodSwizzler (~> 5.2)
    - GoogleUtilities/Network (~> 5.2)
    - "GoogleUtilities/NSData+zlib (~> 5.2)"
    - nanopb (~> 0.3)
  - GoogleUtilities/AppDelegateSwizzler (5.5.0):
    - GoogleUtilities/Environment
    - GoogleUtilities/Logger
    - GoogleUtilities/Network
  - GoogleUtilities/Environment (5.5.0)
  - GoogleUtilities/Logger (5.5.0):
    - GoogleUtilities/Environment
  - GoogleUtilities/MethodSwizzler (5.5.0):
    - GoogleUtilities/Logger
  - GoogleUtilities/Network (5.5.0):
    - GoogleUtilities/Logger
    - "GoogleUtilities/NSData+zlib"
    - GoogleUtilities/Reachability
  - "GoogleUtilities/NSData+zlib (5.5.0)"
  - GoogleUtilities/Reachability (5.5.0):
    - GoogleUtilities/Logger
  - GoogleUtilities/UserDefaults (5.5.0):
    - GoogleUtilities/Logger
  - nanopb (0.3.901):
    - nanopb/decode (= 0.3.901)
    - nanopb/encode (= 0.3.901)
  - nanopb/decode (0.3.901)
  - nanopb/encode (0.3.901)
  - Realm (3.13.1):
    - Realm/Headers (= 3.13.1)
  - Realm/Headers (3.13.1)
  - RealmSwift (3.13.1):
    - Realm (= 3.13.1)
  - SlideMenuControllerSwift (4.2.0)
  - Toaster (2.1.1)
  - XLPagerTabStrip (8.1.1)

DEPENDENCIES:
  - Crashlytics
  - DropDown
  - Fabric
  - Firebase/Core
  - Gecco (from `https://github.com/shukob/Gecco.git`)
  - Google-Mobile-Ads-SDK
  - RealmSwift
  - SlideMenuControllerSwift (from `https://github.com/sakurabird/SlideMenuControllerSwift.git`, branch `swift4.2`)
  - Toaster (from `https://github.com/iFindTA/Toaster.git`)
  - XLPagerTabStrip

SPEC REPOS:
  https://github.com/cocoapods/specs.git:
    - Crashlytics
    - DropDown
    - Fabric
    - Firebase
    - FirebaseAnalytics
    - FirebaseCore
    - FirebaseInstanceID
    - Google-Mobile-Ads-SDK
    - GoogleAppMeasurement
    - GoogleUtilities
    - nanopb
    - Realm
    - RealmSwift
    - XLPagerTabStrip

EXTERNAL SOURCES:
  Gecco:
    :git: https://github.com/shukob/Gecco.git
  SlideMenuControllerSwift:
    :branch: swift4.2
    :git: https://github.com/sakurabird/SlideMenuControllerSwift.git
  Toaster:
    :git: https://github.com/iFindTA/Toaster.git

CHECKOUT OPTIONS:
  Gecco:
    :commit: 123aa33f0ad874a87e16f92fa871232ece279b83
    :git: https://github.com/shukob/Gecco.git
  SlideMenuControllerSwift:
    :commit: ae0d5588a99bc92e16a92d5dd594bad89963c363
    :git: https://github.com/sakurabird/SlideMenuControllerSwift.git
  Toaster:
    :commit: 59d0f0dc6e2bbfa2cd2e53a5567b69a0f6fa6e77
    :git: https://github.com/iFindTA/Toaster.git

SPEC CHECKSUMS:
  Crashlytics: 07fb167b1694128c1c9a5a5cc319b0e9c3ca0933
  DropDown: 0bcc278799ec11a3d34ce1aac9367fbbaf5423d9
  Fabric: f988e33c97f08930a413e08123064d2e5f68d655
  Firebase: c60d49e9c2630875a96207d15e2affb8364996d1
  FirebaseAnalytics: fd72a26bf8dac84cefba2f0864366f718555a5b0
  FirebaseCore: 22a79a961c3951ef2f77b67bfbc99e454247b319
  FirebaseInstanceID: cf488df2f4b79782f0e430b04a0e17c0aa7979b2
  Gecco: e662f949821e742997787bad7b730ccc0052e43c
  Google-Mobile-Ads-SDK: c7bec408202526ec4e9ccd025c00f9f30e9f8807
  GoogleAppMeasurement: 1624046ab1bcc5e170061a56ef5679000b079c8e
  GoogleUtilities: 6481e6318c5fcabaaa8513ef8120f329055d7c10
  nanopb: 2901f78ea1b7b4015c860c2fdd1ea2fee1a18d48
  Realm: 50071da38fe079e0735e47c9f2eae738c68c5996
  RealmSwift: 8a1e6a02b7a08cd17a31e3115143fb69fe5f3fb9
  SlideMenuControllerSwift: aff8b3e50027893ef3b6341ebd3b8d0c078a2c0e
  Toaster: 683521465d8d4d684baca3b55cd248030b51e813
  XLPagerTabStrip: 63166e21c9844fa30f2d95d30f335e73be5caf22

PODFILE CHECKSUM: 714e55566ff83b0c95e411524e1a80a537dba35c

COCOAPODS: 1.6.1
